
Microsoft Visual Studio Solution File, Format Version 12.00
# Visual Studio 15
VisualStudioVersion = 15.0.27703.2047
MinimumVisualStudioVersion = 10.0.40219.1
Project("{FAE04EC0-301F-11D3-BF4B-00C04F79EFBC}") = "Entidades", "Entidades\Entidades.csproj", "{F3FF4439-39C4-42C3-8181-1AED064EEC6C}"
EndProject
Project("{FAE04EC0-301F-11D3-BF4B-00C04F79EFBC}") = "Test", "Test\Test.csproj", "{D6D8F8EB-F9E6-4863-9C8A-251EC201E026}"
EndProject
Global
	GlobalSection(SolutionConfigurationPlatforms) = preSolution
		Debug|Any CPU = Debug|Any CPU
		Release|Any CPU = Release|Any CPU
	EndGlobalSection
	GlobalSection(ProjectConfigurationPlatforms) = postSolution
		{F3FF4439-39C4-42C3-8181-1AED064EEC6C}.Debug|Any CPU.ActiveCfg = Debug|Any CPU
		{F3FF4439-39C4-42C3-8181-1AED064EEC6C}.Debug|Any CPU.Build.0 = Debug|Any CPU
		{F3FF4439-39C4-42C3-8181-1AED064EEC6C}.Release|Any CPU.ActiveCfg = Release|Any CPU
		{F3FF4439-39C4-42C3-8181-1AED064EEC6C}.Release|Any CPU.Build.0 = Release|Any CPU
		{D6D8F8EB-F9E6-4863-9C8A-251EC201E026}.Debug|Any CPU.ActiveCfg = Debug|Any CPU
		{D6D8F8EB-F9E6-4863-9C8A-251EC201E026}.Debug|Any CPU.Build.0 = Debug|Any CPU
		{D6D8F8EB-F9E6-4863-9C8A-251EC201E026}.Release|Any CPU.ActiveCfg = Release|Any CPU
		{D6D8F8EB-F9E6-4863-9C8A-251EC201E026}.Release|Any CPU.Build.0 = Release|Any CPU
	EndGlobalSection
	GlobalSection(SolutionProperties) = preSolution
		HideSolutionNode = FALSE
	EndGlobalSection
	GlobalSection(ExtensibilityGlobals) = postSolution
		SolutionGuid = {ECC8D524-8384-4C5A-A8F4-97C29A73CBC1}
	EndGlobalSection
EndGlobal
